
Microsoft Visual Studio Solution File, Format Version 12.00
# Visual Studio Version 17
VisualStudioVersion = 17.9.34622.214
MinimumVisualStudioVersion = 10.0.40219.1
Project("{FAE04EC0-301F-11D3-BF4B-00C04F79EFBC}") = "Practic-API", "Practic-API\Practic-API.csproj", "{968F7322-283C-46D7-9347-C9D34765208A}"
EndProject
Global
	GlobalSection(SolutionConfigurationPlatforms) = preSolution
		Debug|Any CPU = Debug|Any CPU
		Release|Any CPU = Release|Any CPU
	EndGlobalSection
	GlobalSection(ProjectConfigurationPlatforms) = postSolution
		{968F7322-283C-46D7-9347-C9D34765208A}.Debug|Any CPU.ActiveCfg = Debug|Any CPU
		{968F7322-283C-46D7-9347-C9D34765208A}.Debug|Any CPU.Build.0 = Debug|Any CPU
		{968F7322-283C-46D7-9347-C9D34765208A}.Release|Any CPU.ActiveCfg = Release|Any CPU
		{968F7322-283C-46D7-9347-C9D34765208A}.Release|Any CPU.Build.0 = Release|Any CPU
	EndGlobalSection
	GlobalSection(SolutionProperties) = preSolution
		HideSolutionNode = FALSE
	EndGlobalSection
	GlobalSection(ExtensibilityGlobals) = postSolution
		SolutionGuid = {EA732368-8183-4F8A-8210-7EFC6CCC8918}
	EndGlobalSection
EndGlobal
